
Microsoft Visual Studio Solution File, Format Version 12.00
# Visual Studio Version 17
VisualStudioVersion = 17.6.33815.320
MinimumVisualStudioVersion = 10.0.40219.1
Project("{FAE04EC0-301F-11D3-BF4B-00C04F79EFBC}") = "CourierManagementSystem", "CourierManagementSystem\CourierManagementSystem.csproj", "{1731C536-0633-450F-A2E3-950F9C08042A}"
EndProject
Project("{FAE04EC0-301F-11D3-BF4B-00C04F79EFBC}") = "Host", "Host\Host.csproj", "{9F818D9B-30A3-43B7-8632-64B57A932358}"
EndProject
Global
	GlobalSection(SolutionConfigurationPlatforms) = preSolution
		Debug|Any CPU = Debug|Any CPU
		Release|Any CPU = Release|Any CPU
	EndGlobalSection
	GlobalSection(ProjectConfigurationPlatforms) = postSolution
		{1731C536-0633-450F-A2E3-950F9C08042A}.Debug|Any CPU.ActiveCfg = Debug|Any CPU
		{1731C536-0633-450F-A2E3-950F9C08042A}.Debug|Any CPU.Build.0 = Debug|Any CPU
		{1731C536-0633-450F-A2E3-950F9C08042A}.Release|Any CPU.ActiveCfg = Release|Any CPU
		{1731C536-0633-450F-A2E3-950F9C08042A}.Release|Any CPU.Build.0 = Release|Any CPU
		{9F818D9B-30A3-43B7-8632-64B57A932358}.Debug|Any CPU.ActiveCfg = Debug|Any CPU
		{9F818D9B-30A3-43B7-8632-64B57A932358}.Debug|Any CPU.Build.0 = Debug|Any CPU
		{9F818D9B-30A3-43B7-8632-64B57A932358}.Release|Any CPU.ActiveCfg = Release|Any CPU
		{9F818D9B-30A3-43B7-8632-64B57A932358}.Release|Any CPU.Build.0 = Release|Any CPU
	EndGlobalSection
	GlobalSection(SolutionProperties) = preSolution
		HideSolutionNode = FALSE
	EndGlobalSection
	GlobalSection(ExtensibilityGlobals) = postSolution
		SolutionGuid = {F2761B90-161A-499C-A7E3-F5CD295BC44F}
	EndGlobalSection
EndGlobal
